
Microsoft Visual Studio Solution File, Format Version 12.00
# Visual Studio Version 16
VisualStudioVersion = 16.0.30413.136
MinimumVisualStudioVersion = 10.0.40219.1
Project("{FAE04EC0-301F-11D3-BF4B-00C04F79EFBC}") = "VMPKiller", "VMPKiller\VMPKiller.csproj", "{A5C3C7C4-9B86-45AD-A0A7-A3D1EA9F7A57}"
EndProject
Global
	GlobalSection(SolutionConfigurationPlatforms) = preSolution
		Debug|Any CPU = Debug|Any CPU
		Debug|x64 = Debug|x64
		Release|Any CPU = Release|Any CPU
		Release|x64 = Release|x64
	EndGlobalSection
	GlobalSection(ProjectConfigurationPlatforms) = postSolution
		{A5C3C7C4-9B86-45AD-A0A7-A3D1EA9F7A57}.Debug|Any CPU.ActiveCfg = Debug|Any CPU
		{A5C3C7C4-9B86-45AD-A0A7-A3D1EA9F7A57}.Debug|Any CPU.Build.0 = Debug|Any CPU
		{A5C3C7C4-9B86-45AD-A0A7-A3D1EA9F7A57}.Debug|x64.ActiveCfg = Debug|x64
		{A5C3C7C4-9B86-45AD-A0A7-A3D1EA9F7A57}.Debug|x64.Build.0 = Debug|x64
		{A5C3C7C4-9B86-45AD-A0A7-A3D1EA9F7A57}.Release|Any CPU.ActiveCfg = Release|Any CPU
		{A5C3C7C4-9B86-45AD-A0A7-A3D1EA9F7A57}.Release|Any CPU.Build.0 = Release|Any CPU
		{A5C3C7C4-9B86-45AD-A0A7-A3D1EA9F7A57}.Release|x64.ActiveCfg = Release|x64
		{A5C3C7C4-9B86-45AD-A0A7-A3D1EA9F7A57}.Release|x64.Build.0 = Release|x64
	EndGlobalSection
	GlobalSection(SolutionProperties) = preSolution
		HideSolutionNode = FALSE
	EndGlobalSection
	GlobalSection(ExtensibilityGlobals) = postSolution
		SolutionGuid = {A765F867-8B0E-4496-B877-D175872F68CA}
	EndGlobalSection
EndGlobal
